# This file is automatically @generated by Cargo.
# It is not intended for manual editing.
version = 4

[[package]]
name = "adler2"
version = "2.0.1"
source = "registry+https://github.com/rust-lang/crates.io-index"
checksum = "320119579fcad9c21884f5c4861d16174d0e06250625266f50fe6898340abefa"

[[package]]
name = "cfg-if"
version = "1.0.4"
source = "registry+https://github.com/rust-lang/crates.io-index"
checksum = "9330f8b2ff13f34540b44e946ef35111825727b38d33286ef986142615121801"

[[package]]
name = "crc32fast"
version = "1.5.1"
source = "registry+https://github.com/rust-lang/crates.io-index"
checksum = "8498c871161e1742aaa9d52551b2d6ebdd4c3d45a3be423e3728f33b955be550"
dependencies = [
 "cfg-if",
]

[[package]]
name = "equivalent"
version = "1.0.2"
source = "registry+https://github.com/rust-lang/crates.io-index"
checksum = "877a4ace8713b0bcf2a4e7eec82529c029f1d0619886d18145fea96c3ffe5c0f"

[[package]]
name = "flate2"
version = "1.1.9"
source = "registry+https://github.com/rust-lang/crates.io-index"
checksum = "843fba2746e448b37e26a819579957415c8cef339bf08564fe8b7ddbd959573c"
dependencies = [
 "miniz_oxide",
 "zlib-rs",
]

[[package]]
name = "format198x-commodore-amiga-adf"
version = "0.2.3"
source = "registry+https://github.com/rust-lang/crates.io-index"
checksum = "bfa5c490cac5afcf6a1100cca07689d78191478756909e19c98a3f5b4cf56e6d"

[[package]]
name = "format198x-commodore-amiga-ilbm"
version = "0.1.1"
source = "registry+https://github.com/rust-lang/crates.io-index"
checksum = "45cdd65f89ae0464febcfd7d591791039b10b44cb9cc23e0b140b90ae0d748f9"

[[package]]
name = "format198x-commodore-amiga-mod"
version = "0.1.1"
source = "registry+https://github.com/rust-lang/crates.io-index"
checksum = "f9ce42b0108f0abeb4e715da41d55eb33683114c393c101ed4ec736866ce208b"

[[package]]
name = "format198x-commodore-amiga-powerpacker"
version = "0.1.1"
source = "registry+https://github.com/rust-lang/crates.io-index"
checksum = "99a9f92204540842c9f3c61995b0accea6728217f9403061be00d118171048df"

[[package]]
name = "format198x-commodore-c64-art-studio"
version = "0.1.1"
source = "registry+https://github.com/rust-lang/crates.io-index"
checksum = "641c6f3b86ca751d339a99548aea33a6954f58519e7e03d4a632980bfef9cc04"

[[package]]
name = "format198x-commodore-c64-koala"
version = "0.1.1"
source = "registry+https://github.com/rust-lang/crates.io-index"
checksum = "965fe70853b9a857e4c6348e78e04e2dee23b99f234a49a252f4eb0a1145a176"

[[package]]
name = "format198x-sinclair-zx-spectrum-scr"
version = "0.1.1"
source = "registry+https://github.com/rust-lang/crates.io-index"
checksum = "610fabfd99082b0eab2a5ba3fb3bd77118defbbc5bb5ba3cba7f5baa30119612"

[[package]]
name = "hashbrown"
version = "0.17.1"
source = "registry+https://github.com/rust-lang/crates.io-index"
checksum = "ed5909b6e89a2db4456e54cd5f673791d7eca6732202bbf2a9cc504fe2f9b84a"

[[package]]
name = "indexmap"
version = "2.14.0"
source = "registry+https://github.com/rust-lang/crates.io-index"
checksum = "d466e9454f08e4a911e14806c24e16fba1b4c121d1ea474396f396069cf949d9"
dependencies = [
 "equivalent",
 "hashbrown",
]

[[package]]
name = "memchr"
version = "2.8.3"
source = "registry+https://github.com/rust-lang/crates.io-index"
checksum = "cf8baf1c55e62ffcace7a9f06f4bd9cd3f0c4beb022d3b367256b91b87513d98"

[[package]]
name = "miniz_oxide"
version = "0.8.9"
source = "registry+https://github.com/rust-lang/crates.io-index"
checksum = "1fa76a2c86f704bdb222d66965fb3d63269ce38518b83cb0575fca855ebb6316"
dependencies = [
 "adler2",
 "simd-adler32",
]

[[package]]
name = "play198x-core"
version = "0.1.0"
dependencies = [
 "format198x-commodore-amiga-adf",
 "format198x-commodore-amiga-ilbm",
 "format198x-commodore-amiga-mod",
 "format198x-commodore-amiga-powerpacker",
 "format198x-commodore-c64-art-studio",
 "format198x-commodore-c64-koala",
 "format198x-sinclair-zx-spectrum-scr",
 "zip",
]

[[package]]
name = "simd-adler32"
version = "0.3.10"
source = "registry+https://github.com/rust-lang/crates.io-index"
checksum = "3a219298ac11a56ea9a6d2120044824d6f01aeb034955e7af7bc16858527deea"

[[package]]
name = "typed-path"
version = "0.12.3"
source = "registry+https://github.com/rust-lang/crates.io-index"
checksum = "8e28f89b80c87b8fb0cf04ab448d5dd0dd0ade2f8891bae878de66a75a28600e"

[[package]]
name = "zip"
version = "8.6.0"
source = "registry+https://github.com/rust-lang/crates.io-index"
checksum = "2d04a6b5381502aa6087c94c669499eb1602eb9c5e8198e534de571f7154809b"
dependencies = [
 "crc32fast",
 "flate2",
 "indexmap",
 "memchr",
 "typed-path",
]

[[package]]
name = "zlib-rs"
version = "0.6.7"
source = "registry+https://github.com/rust-lang/crates.io-index"
checksum = "34b31d188d9d685a4f9c7b46d6e36631b07058d2cfe190267adce54dc230bf12"
