# This file is automatically @generated by Cargo.
# It is not intended for manual editing.
version = 4

[[package]]
name = "cfg-if"
version = "1.0.4"
source = "registry+https://github.com/rust-lang/crates.io-index"
checksum = "9330f8b2ff13f34540b44e946ef35111825727b38d33286ef986142615121801"

[[package]]
name = "crc32fast"
version = "1.5.1"
source = "registry+https://github.com/rust-lang/crates.io-index"
checksum = "8498c871161e1742aaa9d52551b2d6ebdd4c3d45a3be423e3728f33b955be550"
dependencies = [
 "cfg-if",
]

[[package]]
name = "emu198x-gi-ay-3-8910"
version = "0.6.0"
source = "registry+https://github.com/rust-lang/crates.io-index"
checksum = "bffbd9c0ac1e42e145703d3fc384273c5a9d1ef7cc617d930362aa62dc93cbe4"
dependencies = [
 "serde",
]

[[package]]
name = "emu198x-mos-6502"
version = "0.6.0"
source = "registry+https://github.com/rust-lang/crates.io-index"
checksum = "21810616766246b0478d12c88547c6fca3553cf69c675fdf7278566251b41ca2"
dependencies = [
 "serde",
]

[[package]]
name = "emu198x-mos-sid-6581"
version = "0.7.0"
source = "registry+https://github.com/rust-lang/crates.io-index"
checksum = "33233fd4517cd1d287366c191e8a9549778011eca11316ad3d5725865ace322b"
dependencies = [
 "serde",
]

[[package]]
name = "emu198x-zilog-z80"
version = "0.6.0"
source = "registry+https://github.com/rust-lang/crates.io-index"
checksum = "aa849a8f40425def763a43774705b3feed409f5339e25b9f2b6791de61594da0"
dependencies = [
 "serde",
]

[[package]]
name = "equivalent"
version = "1.0.2"
source = "registry+https://github.com/rust-lang/crates.io-index"
checksum = "877a4ace8713b0bcf2a4e7eec82529c029f1d0619886d18145fea96c3ffe5c0f"

[[package]]
name = "flate2"
version = "1.1.10"
source = "registry+https://github.com/rust-lang/crates.io-index"
checksum = "6e634e2e0ebac1ee034020da1ca582e17ffe4e0f5e985823721e168928136dcb"
dependencies = [
 "zlib-rs",
]

[[package]]
name = "format198x-commodore-amiga-adf"
version = "0.3.3"
source = "registry+https://github.com/rust-lang/crates.io-index"
checksum = "2ed288a79912b3af0eafa304afb2ff2ac27668ba88efcce03ef2a1b3ae9c0bca"

[[package]]
name = "format198x-commodore-amiga-ilbm"
version = "0.1.2"
source = "registry+https://github.com/rust-lang/crates.io-index"
checksum = "e689ce92d88dfae3a08a054e1fc0e6915133491dacb6a0c6236c5b9d3b3f60ca"

[[package]]
name = "format198x-commodore-amiga-mod"
version = "0.1.2"
source = "registry+https://github.com/rust-lang/crates.io-index"
checksum = "9eda656c743e32ff6ee137fd601a960fd1143dabbbaf500250bd95ffe9366dd1"

[[package]]
name = "format198x-commodore-amiga-powerpacker"
version = "0.1.1"
source = "registry+https://github.com/rust-lang/crates.io-index"
checksum = "99a9f92204540842c9f3c61995b0accea6728217f9403061be00d118171048df"

[[package]]
name = "format198x-commodore-c64-art-studio"
version = "0.1.1"
source = "registry+https://github.com/rust-lang/crates.io-index"
checksum = "641c6f3b86ca751d339a99548aea33a6954f58519e7e03d4a632980bfef9cc04"

[[package]]
name = "format198x-commodore-c64-koala"
version = "0.1.1"
source = "registry+https://github.com/rust-lang/crates.io-index"
checksum = "965fe70853b9a857e4c6348e78e04e2dee23b99f234a49a252f4eb0a1145a176"

[[package]]
name = "format198x-sinclair-zx-spectrum-scr"
version = "0.1.1"
source = "registry+https://github.com/rust-lang/crates.io-index"
checksum = "610fabfd99082b0eab2a5ba3fb3bd77118defbbc5bb5ba3cba7f5baa30119612"

[[package]]
name = "hashbrown"
version = "0.17.1"
source = "registry+https://github.com/rust-lang/crates.io-index"
checksum = "ed5909b6e89a2db4456e54cd5f673791d7eca6732202bbf2a9cc504fe2f9b84a"

[[package]]
name = "indexmap"
version = "2.14.1"
source = "registry+https://github.com/rust-lang/crates.io-index"
checksum = "07aa2048142242915a31d35844fb311e0e53fcca590c3a0a40dcf1b841fa09eb"
dependencies = [
 "equivalent",
 "hashbrown",
]

[[package]]
name = "mediaspec198x"
version = "0.1.0"
source = "registry+https://github.com/rust-lang/crates.io-index"
checksum = "0820672d3555e99d340beca3bb704ae111ee04c25ab3b139950adf784d0772d5"

[[package]]
name = "memchr"
version = "2.8.3"
source = "registry+https://github.com/rust-lang/crates.io-index"
checksum = "cf8baf1c55e62ffcace7a9f06f4bd9cd3f0c4beb022d3b367256b91b87513d98"

[[package]]
name = "play198x-core"
version = "0.4.1"
dependencies = [
 "emu198x-gi-ay-3-8910",
 "emu198x-mos-6502",
 "emu198x-mos-sid-6581",
 "emu198x-zilog-z80",
 "format198x-commodore-amiga-adf",
 "format198x-commodore-amiga-ilbm",
 "format198x-commodore-amiga-mod",
 "format198x-commodore-amiga-powerpacker",
 "format198x-commodore-c64-art-studio",
 "format198x-commodore-c64-koala",
 "format198x-sinclair-zx-spectrum-scr",
 "mediaspec198x",
 "zip",
]

[[package]]
name = "proc-macro2"
version = "1.0.107"
source = "registry+https://github.com/rust-lang/crates.io-index"
checksum = "985e7ec9bb745e6ce6535b544d84d6cd6f7ad8bd711c398938ae983b91a766d9"
dependencies = [
 "unicode-ident",
]

[[package]]
name = "quote"
version = "1.0.47"
source = "registry+https://github.com/rust-lang/crates.io-index"
checksum = "1fbf4db142a473a8d80c26bbf18454ed458bf8d26c8219c331daecfdbd079001"
dependencies = [
 "proc-macro2",
]

[[package]]
name = "serde"
version = "1.0.229"
source = "registry+https://github.com/rust-lang/crates.io-index"
checksum = "4148590afebada386688f18773da617792bf2ef03ffc1e4cbd2b1d45b023e0ba"
dependencies = [
 "serde_core",
 "serde_derive",
]

[[package]]
name = "serde_core"
version = "1.0.229"
source = "registry+https://github.com/rust-lang/crates.io-index"
checksum = "67dca2c9c51e58a4791a4b1ed58308b39c64224d349a935ab5039aa360942a48"
dependencies = [
 "serde_derive",
]

[[package]]
name = "serde_derive"
version = "1.0.229"
source = "registry+https://github.com/rust-lang/crates.io-index"
checksum = "e7a5d71263a5a7d47b41f6b3f06ba276f10cc18b0931f1799f710578e2309348"
dependencies = [
 "proc-macro2",
 "quote",
 "syn",
]

[[package]]
name = "syn"
version = "3.0.4"
source = "registry+https://github.com/rust-lang/crates.io-index"
checksum = "e6275cddf4610d1775e6d1fe9469b2e77d0f39fd98fb7450901b821e0c53649f"
dependencies = [
 "proc-macro2",
 "quote",
 "unicode-ident",
]

[[package]]
name = "typed-path"
version = "0.12.3"
source = "registry+https://github.com/rust-lang/crates.io-index"
checksum = "8e28f89b80c87b8fb0cf04ab448d5dd0dd0ade2f8891bae878de66a75a28600e"

[[package]]
name = "unicode-ident"
version = "1.0.24"
source = "registry+https://github.com/rust-lang/crates.io-index"
checksum = "e6e4313cd5fcd3dad5cafa179702e2b244f760991f45397d14d4ebf38247da75"

[[package]]
name = "zip"
version = "8.6.0"
source = "registry+https://github.com/rust-lang/crates.io-index"
checksum = "2d04a6b5381502aa6087c94c669499eb1602eb9c5e8198e534de571f7154809b"
dependencies = [
 "crc32fast",
 "flate2",
 "indexmap",
 "memchr",
 "typed-path",
]

[[package]]
name = "zlib-rs"
version = "0.6.7"
source = "registry+https://github.com/rust-lang/crates.io-index"
checksum = "34b31d188d9d685a4f9c7b46d6e36631b07058d2cfe190267adce54dc230bf12"
